
Microsoft Visual Studio Solution File, Format Version 12.00
# Visual Studio 15
VisualStudioVersion = 15.0.28010.2046
MinimumVisualStudioVersion = 10.0.40219.1
Project("{9A19103F-16F7-4668-BE54-9A1E7A4F7556}") = "PagadorApp", "PagadorApp\PagadorApp.csproj", "{221FAA12-9747-4E70-AA99-A941052CF0F3}"
EndProject
Global
	GlobalSection(SolutionConfigurationPlatforms) = preSolution
		Debug|Any CPU = Debug|Any CPU
		Release|Any CPU = Release|Any CPU
	EndGlobalSection
	GlobalSection(ProjectConfigurationPlatforms) = postSolution
		{221FAA12-9747-4E70-AA99-A941052CF0F3}.Debug|Any CPU.ActiveCfg = Debug|Any CPU
		{221FAA12-9747-4E70-AA99-A941052CF0F3}.Debug|Any CPU.Build.0 = Debug|Any CPU
		{221FAA12-9747-4E70-AA99-A941052CF0F3}.Release|Any CPU.ActiveCfg = Release|Any CPU
		{221FAA12-9747-4E70-AA99-A941052CF0F3}.Release|Any CPU.Build.0 = Release|Any CPU
	EndGlobalSection
	GlobalSection(SolutionProperties) = preSolution
		HideSolutionNode = FALSE
	EndGlobalSection
	GlobalSection(ExtensibilityGlobals) = postSolution
		SolutionGuid = {75D79D90-C6D8-4A37-91D6-919292251134}
	EndGlobalSection
EndGlobal
